
Microsoft Visual Studio Solution File, Format Version 12.00
# Visual Studio Version 17
VisualStudioVersion = 17.5.002.0
MinimumVisualStudioVersion = 10.0.40219.1
Project("{2150E333-8FDC-42A3-9474-1A3956D46DE8}") = "src", "src", "{ACEB62F2-0F51-4105-ADC1-E09CC13E0E05}"
EndProject
Project("{9A19103F-16F7-4668-BE54-9A1E7A4F7556}") = "ServerlessNativeAOTExample", "src\ServerlessNativeAOTExample\ServerlessNativeAOTExample.csproj", "{A841B58F-58E7-4B92-9E8D-2A5CFDB9E0E7}"
EndProject
Global
	GlobalSection(SolutionConfigurationPlatforms) = preSolution
		Debug|Any CPU = Debug|Any CPU
		Release|Any CPU = Release|Any CPU
	EndGlobalSection
	GlobalSection(ProjectConfigurationPlatforms) = postSolution
		{A841B58F-58E7-4B92-9E8D-2A5CFDB9E0E7}.Debug|Any CPU.ActiveCfg = Debug|Any CPU
		{A841B58F-58E7-4B92-9E8D-2A5CFDB9E0E7}.Debug|Any CPU.Build.0 = Debug|Any CPU
		{A841B58F-58E7-4B92-9E8D-2A5CFDB9E0E7}.Release|Any CPU.ActiveCfg = Release|Any CPU
		{A841B58F-58E7-4B92-9E8D-2A5CFDB9E0E7}.Release|Any CPU.Build.0 = Release|Any CPU
	EndGlobalSection
	GlobalSection(SolutionProperties) = preSolution
		HideSolutionNode = FALSE
	EndGlobalSection
	GlobalSection(NestedProjects) = preSolution
		{A841B58F-58E7-4B92-9E8D-2A5CFDB9E0E7} = {ACEB62F2-0F51-4105-ADC1-E09CC13E0E05}
	EndGlobalSection
	GlobalSection(ExtensibilityGlobals) = postSolution
		SolutionGuid = {9760C2DE-BC62-470B-A9C4-75C7001D8387}
	EndGlobalSection
EndGlobal
